
Microsoft Visual Studio Solution File, Format Version 12.00
# Visual Studio 2012
Project("{8BC9CEB8-8B4A-11D0-8D11-00A0C91BC942}") = "ClientDemo", "ClientDemo.vcxproj", "{6462AC5B-7F3D-4B44-A60A-8CD48EA7C0AE}"
EndProject
Global
	GlobalSection(SolutionConfigurationPlatforms) = preSolution
		Debug|Win32 = Debug|Win32
		Release|Win32 = Release|Win32
	EndGlobalSection
	GlobalSection(ProjectConfigurationPlatforms) = postSolution
		{6462AC5B-7F3D-4B44-A60A-8CD48EA7C0AE}.Debug|Win32.ActiveCfg = Debug|Win32
		{6462AC5B-7F3D-4B44-A60A-8CD48EA7C0AE}.Debug|Win32.Build.0 = Debug|Win32
		{6462AC5B-7F3D-4B44-A60A-8CD48EA7C0AE}.Release|Win32.ActiveCfg = Release|Win32
		{6462AC5B-7F3D-4B44-A60A-8CD48EA7C0AE}.Release|Win32.Build.0 = Release|Win32
	EndGlobalSection
	GlobalSection(SolutionProperties) = preSolution
		HideSolutionNode = FALSE
	EndGlobalSection
EndGlobal
